
Microsoft Visual Studio Solution File, Format Version 12.00
# Visual Studio 15
VisualStudioVersion = 15.0.26730.16
MinimumVisualStudioVersion = 10.0.40219.1
Project("{888888A0-9F3D-457C-B088-3A5042F75D52}") = "Sources", "Sources.pyproj", "{A49CAFD2-D03D-4183-AF91-25B389A98E1C}"
EndProject
Global
	GlobalSection(SolutionConfigurationPlatforms) = preSolution
		Debug|Any CPU = Debug|Any CPU
		Release|Any CPU = Release|Any CPU
	EndGlobalSection
	GlobalSection(ProjectConfigurationPlatforms) = postSolution
		{A49CAFD2-D03D-4183-AF91-25B389A98E1C}.Debug|Any CPU.ActiveCfg = Debug|Any CPU
		{A49CAFD2-D03D-4183-AF91-25B389A98E1C}.Release|Any CPU.ActiveCfg = Release|Any CPU
	EndGlobalSection
	GlobalSection(SolutionProperties) = preSolution
		HideSolutionNode = FALSE
	EndGlobalSection
	GlobalSection(ExtensibilityGlobals) = postSolution
		SolutionGuid = {8208F1AD-D5EB-410C-B008-176CC76FD4F7}
	EndGlobalSection
EndGlobal
